
Microsoft Visual Studio Solution File, Format Version 12.00
# Visual Studio Version 16
VisualStudioVersion = 16.0.30611.23
MinimumVisualStudioVersion = 10.0.40219.1
Project("{FAE04EC0-301F-11D3-BF4B-00C04F79EFBC}") = "GmSoft_Charger", "GmSoft_Charger\GmSoft_Charger.csproj", "{37D4C1A5-3462-4B14-82C6-CEB1FA3806C1}"
EndProject
Global
	GlobalSection(SolutionConfigurationPlatforms) = preSolution
		Debug|Any CPU = Debug|Any CPU
		Release|Any CPU = Release|Any CPU
	EndGlobalSection
	GlobalSection(ProjectConfigurationPlatforms) = postSolution
		{37D4C1A5-3462-4B14-82C6-CEB1FA3806C1}.Debug|Any CPU.ActiveCfg = Debug|Any CPU
		{37D4C1A5-3462-4B14-82C6-CEB1FA3806C1}.Debug|Any CPU.Build.0 = Debug|Any CPU
		{37D4C1A5-3462-4B14-82C6-CEB1FA3806C1}.Release|Any CPU.ActiveCfg = Release|Any CPU
		{37D4C1A5-3462-4B14-82C6-CEB1FA3806C1}.Release|Any CPU.Build.0 = Release|Any CPU
	EndGlobalSection
	GlobalSection(SolutionProperties) = preSolution
		HideSolutionNode = FALSE
	EndGlobalSection
	GlobalSection(ExtensibilityGlobals) = postSolution
		SolutionGuid = {F7DBCD11-4042-4BFC-A8BF-4E7AE49DB328}
	EndGlobalSection
EndGlobal
